// !$*UTF8*$!
{
	archiveVersion = 1;
	classes = {
	};
	objectVersion = 50;
	objects = {

/* Begin PBXBuildFile section */
		874621D42148232300C36565 /* AppDelegate.m in Sources */ = {isa = PBXBuildFile; fileRef = 874621D32148232300C36565 /* AppDelegate.m */; };
		874621DA2148232300C36565 /* Main.storyboard in Resources */ = {isa = PBXBuildFile; fileRef = 874621D82148232300C36565 /* Main.storyboard */; };
		874621DC2148232400C36565 /* Assets.xcassets in Resources */ = {isa = PBXBuildFile; fileRef = 874621DB2148232400C36565 /* Assets.xcassets */; };
		874621DF2148232400C36565 /* LaunchScreen.storyboard in Resources */ = {isa = PBXBuildFile; fileRef = 874621DD2148232400C36565 /* LaunchScreen.storyboard */; };
		874621E22148232400C36565 /* main.m in Sources */ = {isa = PBXBuildFile; fileRef = 874621E12148232400C36565 /* main.m */; };
		874621EA2148256B00C36565 /* JJTPokemon.m in Sources */ = {isa = PBXBuildFile; fileRef = 874621E92148256B00C36565 /* JJTPokemon.m */; };
		874621F1214829CD00C36565 /* JJTPokemonController.m in Sources */ = {isa = PBXBuildFile; fileRef = 874621F0214829CD00C36565 /* JJTPokemonController.m */; };
		874621F4214853A100C36565 /* PokeSearchViewController.swift in Sources */ = {isa = PBXBuildFile; fileRef = 874621F3214853A100C36565 /* PokeSearchViewController.swift */; };
/* End PBXBuildFile section */

/* Begin PBXFileReference section */
		874621CF2148232300C36565 /* Pokedex_C.app */ = {isa = PBXFileReference; explicitFileType = wrapper.application; includeInIndex = 0; path = Pokedex_C.app; sourceTree = BUILT_PRODUCTS_DIR; };
		874621D22148232300C36565 /* AppDelegate.h */ = {isa = PBXFileReference; lastKnownFileType = sourcecode.c.h; path = AppDelegate.h; sourceTree = "<group>"; };
		874621D32148232300C36565 /* AppDelegate.m */ = {isa = PBXFileReference; lastKnownFileType = sourcecode.c.objc; path = AppDelegate.m; sourceTree = "<group>"; };
		874621D92148232300C36565 /* Base */ = {isa = PBXFileReference; lastKnownFileType = file.storyboard; name = Base; path = Base.lproj/Main.storyboard; sourceTree = "<group>"; };
		874621DB2148232400C36565 /* Assets.xcassets */ = {isa = PBXFileReference; lastKnownFileType = folder.assetcatalog; path = Assets.xcassets; sourceTree = "<group>"; };
		874621DE2148232400C36565 /* Base */ = {isa = PBXFileReference; lastKnownFileType = file.storyboard; name = Base; path = Base.lproj/LaunchScreen.storyboard; sourceTree = "<group>"; };
		874621E02148232400C36565 /* Info.plist */ = {isa = PBXFileReference; lastKnownFileType = text.plist.xml; path = Info.plist; sourceTree = "<group>"; };
		874621E12148232400C36565 /* main.m */ = {isa = PBXFileReference; lastKnownFileType = sourcecode.c.objc; path = main.m; sourceTree = "<group>"; };
		874621E82148256B00C36565 /* JJTPokemon.h */ = {isa = PBXFileReference; lastKnownFileType = sourcecode.c.h; path = JJTPokemon.h; sourceTree = "<group>"; };
		874621E92148256B00C36565 /* JJTPokemon.m */ = {isa = PBXFileReference; lastKnownFileType = sourcecode.c.objc; path = JJTPokemon.m; sourceTree = "<group>"; };
		874621EF214829CD00C36565 /* JJTPokemonController.h */ = {isa = PBXFileReference; lastKnownFileType = sourcecode.c.h; path = JJTPokemonController.h; sourceTree = "<group>"; };
		874621F0214829CD00C36565 /* JJTPokemonController.m */ = {isa = PBXFileReference; lastKnownFileType = sourcecode.c.objc; path = JJTPokemonController.m; sourceTree = "<group>"; };
		874621F2214853A100C36565 /* Pokedex_C-Bridging-Header.h */ = {isa = PBXFileReference; lastKnownFileType = sourcecode.c.h; path = "Pokedex_C-Bridging-Header.h"; sourceTree = "<group>"; };
		874621F3214853A100C36565 /* PokeSearchViewController.swift */ = {isa = PBXFileReference; lastKnownFileType = sourcecode.swift; name = PokeSearchViewController.swift; path = "Pokedex_C/View Controllers/PokeSearchViewController.swift"; sourceTree = SOURCE_ROOT; };
/* End PBXFileReference section */

/* Begin PBXFrameworksBuildPhase section */
		874621CC2148232300C36565 /* Frameworks */ = {
			isa = PBXFrameworksBuildPhase;
			buildActionMask = 2147483647;
			files = (
			);
			runOnlyForDeploymentPostprocessing = 0;
		};
/* End PBXFrameworksBuildPhase section */

/* Begin PBXGroup section */
		874621C62148232300C36565 = {
			isa = PBXGroup;
			children = (
				874621D12148232300C36565 /* Pokedex_C */,
				874621D02148232300C36565 /* Products */,
			);
			sourceTree = "<group>";
		};
		874621D02148232300C36565 /* Products */ = {
			isa = PBXGroup;
			children = (
				874621CF2148232300C36565 /* Pokedex_C.app */,
			);
			name = Products;
			sourceTree = "<group>";
		};
		874621D12148232300C36565 /* Pokedex_C */ = {
			isa = PBXGroup;
			children = (
				874621EB2148297C00C36565 /* Models */,
				874621EE214829B400C36565 /* Model Controllers */,
				874621ED214829A900C36565 /* View Controllers */,
				874621EC2148298700C36565 /* Resources */,
			);
			path = Pokedex_C;
			sourceTree = "<group>";
		};
		874621EB2148297C00C36565 /* Models */ = {
			isa = PBXGroup;
			children = (
				874621E82148256B00C36565 /* JJTPokemon.h */,
				874621E92148256B00C36565 /* JJTPokemon.m */,
			);
			path = Models;
			sourceTree = "<group>";
		};
		874621EC2148298700C36565 /* Resources */ = {
			isa = PBXGroup;
			children = (
				874621DB2148232400C36565 /* Assets.xcassets */,
				874621DD2148232400C36565 /* LaunchScreen.storyboard */,
				874621E02148232400C36565 /* Info.plist */,
				874621E12148232400C36565 /* main.m */,
				874621D22148232300C36565 /* AppDelegate.h */,
				874621D32148232300C36565 /* AppDelegate.m */,
				874621D82148232300C36565 /* Main.storyboard */,
			);
			path = Resources;
			sourceTree = "<group>";
		};
		874621ED214829A900C36565 /* View Controllers */ = {
			isa = PBXGroup;
			children = (
				874621F3214853A100C36565 /* PokeSearchViewController.swift */,
			);
			path = "View Controllers";
			sourceTree = "<group>";
		};
		874621EE214829B400C36565 /* Model Controllers */ = {
			isa = PBXGroup;
			children = (
				874621EF214829CD00C36565 /* JJTPokemonController.h */,
				874621F0214829CD00C36565 /* JJTPokemonController.m */,
				874621F2214853A100C36565 /* Pokedex_C-Bridging-Header.h */,
			);
			path = "Model Controllers";
			sourceTree = "<group>";
		};
/* End PBXGroup section */

/* Begin PBXNativeTarget section */
		874621CE2148232300C36565 /* Pokedex_C */ = {
			isa = PBXNativeTarget;
			buildConfigurationList = 874621E52148232400C36565 /* Build configuration list for PBXNativeTarget "Pokedex_C" */;
			buildPhases = (
				874621CB2148232300C36565 /* Sources */,
				874621CC2148232300C36565 /* Frameworks */,
				874621CD2148232300C36565 /* Resources */,
			);
			buildRules = (
			);
			dependencies = (
			);
			name = Pokedex_C;
			productName = Pokedex_C;
			productReference = 874621CF2148232300C36565 /* Pokedex_C.app */;
			productType = "com.apple.product-type.application";
		};
/* End PBXNativeTarget section */

/* Begin PBXProject section */
		874621C72148232300C36565 /* Project object */ = {
			isa = PBXProject;
			attributes = {
				LastUpgradeCheck = 0940;
				ORGANIZATIONNAME = "John Tate";
				TargetAttributes = {
					874621CE2148232300C36565 = {
						CreatedOnToolsVersion = 9.4.1;
						LastSwiftMigration = 0940;
					};
				};
			};
			buildConfigurationList = 874621CA2148232300C36565 /* Build configuration list for PBXProject "Pokedex_C" */;
			compatibilityVersion = "Xcode 9.3";
			developmentRegion = en;
			hasScannedForEncodings = 0;
			knownRegions = (
				en,
				Base,
			);
			mainGroup = 874621C62148232300C36565;
			productRefGroup = 874621D02148232300C36565 /* Products */;
			projectDirPath = "";
			projectRoot = "";
			targets = (
				874621CE2148232300C36565 /* Pokedex_C */,
			);
		};
/* End PBXProject section */

/* Begin PBXResourcesBuildPhase section */
		874621CD2148232300C36565 /* Resources */ = {
			isa = PBXResourcesBuildPhase;
			buildActionMask = 2147483647;
			files = (
				874621DF2148232400C36565 /* LaunchScreen.storyboard in Resources */,
				874621DC2148232400C36565 /* Assets.xcassets in Resources */,
				874621DA2148232300C36565 /* Main.storyboard in Resources */,
			);
			runOnlyForDeploymentPostprocessing = 0;
		};
/* End PBXResourcesBuildPhase section */

/* Begin PBXSourcesBuildPhase section */
		874621CB2148232300C36565 /* Sources */ = {
			isa = PBXSourcesBuildPhase;
			buildActionMask = 2147483647;
			files = (
				874621E22148232400C36565 /* main.m in Sources */,
				874621EA2148256B00C36565 /* JJTPokemon.m in Sources */,
				874621F1214829CD00C36565 /* JJTPokemonController.m in Sources */,
				874621D42148232300C36565 /* AppDelegate.m in Sources */,
				874621F4214853A100C36565 /* PokeSearchViewController.swift in Sources */,
			);
			runOnlyForDeploymentPostprocessing = 0;
		};
/* End PBXSourcesBuildPhase section */

/* Begin PBXVariantGroup section */
		874621D82148232300C36565 /* Main.storyboard */ = {
			isa = PBXVariantGroup;
			children = (
				874621D92148232300C36565 /* Base */,
			);
			name = Main.storyboard;
			sourceTree = "<group>";
		};
		874621DD2148232400C36565 /* LaunchScreen.storyboard */ = {
			isa = PBXVariantGroup;
			children = (
				874621DE2148232400C36565 /* Base */,
			);
			name = LaunchScreen.storyboard;
			sourceTree = "<group>";
		};
/* End PBXVariantGroup section */

/* Begin XCBuildConfiguration section */
		874621E32148232400C36565 /* Debug */ = {
			isa = XCBuildConfiguration;
			buildSettings = {
				ALWAYS_SEARCH_USER_PATHS = NO;
				CLANG_ANALYZER_NONNULL = YES;
				CLANG_ANALYZER_NUMBER_OBJECT_CONVERSION = YES_AGGRESSIVE;
				CLANG_CXX_LANGUAGE_STANDARD = "gnu++14";
				CLANG_CXX_LIBRARY = "libc++";
				CLANG_ENABLE_MODULES = YES;
				CLANG_ENABLE_OBJC_ARC = YES;
				CLANG_ENABLE_OBJC_WEAK = YES;
				CLANG_WARN_BLOCK_CAPTURE_AUTORELEASING = YES;
				CLANG_WARN_BOOL_CONVERSION = YES;
				CLANG_WARN_COMMA = YES;
				CLANG_WARN_CONSTANT_CONVERSION = YES;
				CLANG_WARN_DEPRECATED_OBJC_IMPLEMENTATIONS = YES;
				CLANG_WARN_DIRECT_OBJC_ISA_USAGE = YES_ERROR;
				CLANG_WARN_DOCUMENTATION_COMMENTS = YES;
				CLANG_WARN_EMPTY_BODY = YES;
				CLANG_WARN_ENUM_CONVERSION = YES;
				CLANG_WARN_INFINITE_RECURSION = YES;
				CLANG_WARN_INT_CONVERSION = YES;
				CLANG_WARN_NON_LITERAL_NULL_CONVERSION = YES;
				CLANG_WARN_OBJC_IMPLICIT_RETAIN_SELF = YES;
				CLANG_WARN_OBJC_LITERAL_CONVERSION = YES;
				CLANG_WARN_OBJC_ROOT_CLASS = YES_ERROR;
				CLANG_WARN_RANGE_LOOP_ANALYSIS = YES;
				CLANG_WARN_STRICT_PROTOTYPES = YES;
				CLANG_WARN_SUSPICIOUS_MOVE = YES;
				CLANG_WARN_UNGUARDED_AVAILABILITY = YES_AGGRESSIVE;
				CLANG_WARN_UNREACHABLE_CODE = YES;
				CLANG_WARN__DUPLICATE_METHOD_MATCH = YES;
				CODE_SIGN_IDENTITY = "iPhone Developer";
				COPY_PHASE_STRIP = NO;
				DEBUG_INFORMATION_FORMAT = dwarf;
				ENABLE_STRICT_OBJC_MSGSEND = YES;
				ENABLE_TESTABILITY = YES;
				GCC_C_LANGUAGE_STANDARD = gnu11;
				GCC_DYNAMIC_NO_PIC = NO;
				GCC_NO_COMMON_BLOCKS = YES;
				GCC_OPTIMIZATION_LEVEL = 0;
				GCC_PREPROCESSOR_DEFINITIONS = (
					"DEBUG=1",
					"$(inherited)",
				);
				GCC_WARN_64_TO_32_BIT_CONVERSION = YES;
				GCC_WARN_ABOUT_RETURN_TYPE = YES_ERROR;
				GCC_WARN_UNDECLARED_SELECTOR = YES;
				GCC_WARN_UNINITIALIZED_AUTOS = YES_AGGRESSIVE;
				GCC_WARN_UNUSED_FUNCTION = YES;
				GCC_WARN_UNUSED_VARIABLE = YES;
				IPHONEOS_DEPLOYMENT_TARGET = 11.4;
				MTL_ENABLE_DEBUG_INFO = YES;
				ONLY_ACTIVE_ARCH = YES;
				SDKROOT = iphoneos;
			};
			name = Debug;
		};
		874621E42148232400C36565 /* Release */ = {
			isa = XCBuildConfiguration;
			buildSettings = {
				ALWAYS_SEARCH_USER_PATHS = NO;
				CLANG_ANALYZER_NONNULL = YES;
				CLANG_ANALYZER_NUMBER_OBJECT_CONVERSION = YES_AGGRESSIVE;
				CLANG_CXX_LANGUAGE_STANDARD = "gnu++14";
				CLANG_CXX_LIBRARY = "libc++";
				CLANG_ENABLE_MODULES = YES;
				CLANG_ENABLE_OBJC_ARC = YES;
				CLANG_ENABLE_OBJC_WEAK = YES;
				CLANG_WARN_BLOCK_CAPTURE_AUTORELEASING = YES;
				CLANG_WARN_BOOL_CONVERSION = YES;
				CLANG_WARN_COMMA = YES;
				CLANG_WARN_CONSTANT_CONVERSION = YES;
				CLANG_WARN_DEPRECATED_OBJC_IMPLEMENTATIONS = YES;
				CLANG_WARN_DIRECT_OBJC_ISA_USAGE = YES_ERROR;
				CLANG_WARN_DOCUMENTATION_COMMENTS = YES;
				CLANG_WARN_EMPTY_BODY = YES;
				CLANG_WARN_ENUM_CONVERSION = YES;
				CLANG_WARN_INFINITE_RECURSION = YES;
				CLANG_WARN_INT_CONVERSION = YES;
				CLANG_WARN_NON_LITERAL_NULL_CONVERSION = YES;
				CLANG_WARN_OBJC_IMPLICIT_RETAIN_SELF = YES;
				CLANG_WARN_OBJC_LITERAL_CONVERSION = YES;
				CLANG_WARN_OBJC_ROOT_CLASS = YES_ERROR;
				CLANG_WARN_RANGE_LOOP_ANALYSIS = YES;
				CLANG_WARN_STRICT_PROTOTYPES = YES;
				CLANG_WARN_SUSPICIOUS_MOVE = YES;
				CLANG_WARN_UNGUARDED_AVAILABILITY = YES_AGGRESSIVE;
				CLANG_WARN_UNREACHABLE_CODE = YES;
				CLANG_WARN__DUPLICATE_METHOD_MATCH = YES;
				CODE_SIGN_IDENTITY = "iPhone Developer";
				COPY_PHASE_STRIP = NO;
				DEBUG_INFORMATION_FORMAT = "dwarf-with-dsym";
				ENABLE_NS_ASSERTIONS = NO;
				ENABLE_STRICT_OBJC_MSGSEND = YES;
				GCC_C_LANGUAGE_STANDARD = gnu11;
				GCC_NO_COMMON_BLOCKS = YES;
				GCC_WARN_64_TO_32_BIT_CONVERSION = YES;
				GCC_WARN_ABOUT_RETURN_TYPE = YES_ERROR;
				GCC_WARN_UNDECLARED_SELECTOR = YES;
				GCC_WARN_UNINITIALIZED_AUTOS = YES_AGGRESSIVE;
				GCC_WARN_UNUSED_FUNCTION = YES;
				GCC_WARN_UNUSED_VARIABLE = YES;
				IPHONEOS_DEPLOYMENT_TARGET = 11.4;
				MTL_ENABLE_DEBUG_INFO = NO;
				SDKROOT = iphoneos;
				VALIDATE_PRODUCT = YES;
			};
			name = Release;
		};
		874621E62148232400C36565 /* Debug */ = {
			isa = XCBuildConfiguration;
			buildSettings = {
				ASSETCATALOG_COMPILER_APPICON_NAME = AppIcon;
				CLANG_ENABLE_MODULES = YES;
				CODE_SIGN_STYLE = Automatic;
				DEVELOPMENT_TEAM = 74SYWHWN72;
				INFOPLIST_FILE = "$(SRCROOT)/Pokedex_C/Resources/Info.plist";
				LD_RUNPATH_SEARCH_PATHS = (
					"$(inherited)",
					"@executable_path/Frameworks",
				);
				PRODUCT_BUNDLE_IDENTIFIER = "com.example.Pokedex-C";
				PRODUCT_NAME = "$(TARGET_NAME)";
				SWIFT_OBJC_BRIDGING_HEADER = "Pokedex_C/Model Controllers/Pokedex_C-Bridging-Header.h";
				SWIFT_OPTIMIZATION_LEVEL = "-Onone";
				SWIFT_VERSION = 3.0;
				TARGETED_DEVICE_FAMILY = "1,2";
			};
			name = Debug;
		};
		874621E72148232400C36565 /* Release */ = {
			isa = XCBuildConfiguration;
			buildSettings = {
				ASSETCATALOG_COMPILER_APPICON_NAME = AppIcon;
				CLANG_ENABLE_MODULES = YES;
				CODE_SIGN_STYLE = Automatic;
				DEVELOPMENT_TEAM = 74SYWHWN72;
				INFOPLIST_FILE = "$(SRCROOT)/Pokedex_C/Resources/Info.plist";
				LD_RUNPATH_SEARCH_PATHS = (
					"$(inherited)",
					"@executable_path/Frameworks",
				);
				PRODUCT_BUNDLE_IDENTIFIER = "com.example.Pokedex-C";
				PRODUCT_NAME = "$(TARGET_NAME)";
				SWIFT_OBJC_BRIDGING_HEADER = "Pokedex_C/Model Controllers/Pokedex_C-Bridging-Header.h";
				SWIFT_VERSION = 3.0;
				TARGETED_DEVICE_FAMILY = "1,2";
			};
			name = Release;
		};
/* End XCBuildConfiguration section */

/* Begin XCConfigurationList section */
		874621CA2148232300C36565 /* Build configuration list for PBXProject "Pokedex_C" */ = {
			isa = XCConfigurationList;
			buildConfigurations = (
				874621E32148232400C36565 /* Debug */,
				874621E42148232400C36565 /* Release */,
			);
			defaultConfigurationIsVisible = 0;
			defaultConfigurationName = Release;
		};
		874621E52148232400C36565 /* Build configuration list for PBXNativeTarget "Pokedex_C" */ = {
			isa = XCConfigurationList;
			buildConfigurations = (
				874621E62148232400C36565 /* Debug */,
				874621E72148232400C36565 /* Release */,
			);
			defaultConfigurationIsVisible = 0;
			defaultConfigurationName = Release;
		};
/* End XCConfigurationList section */
	};
	rootObject = 874621C72148232300C36565 /* Project object */;
}
